
Microsoft Visual Studio Solution File, Format Version 12.00
# Visual Studio 2015
Project("{FAE04EC0-301F-11D3-BF4B-00C04F79EFBC}") = "Egyptian Treasure Quest Z.Plugins", "Egyptian Treasure Quest Z.Plugins.csproj", "{8E9061FE-7FBE-0E02-FF75-47244F24C17E}"
EndProject
Project("{FAE04EC0-301F-11D3-BF4B-00C04F79EFBC}") = "Egyptian Treasure Quest Z", "Egyptian Treasure Quest Z.csproj", "{498C2C50-129E-4D46-A157-FFD7811A91CE}"
EndProject
Project("{FAE04EC0-301F-11D3-BF4B-00C04F79EFBC}") = "Egyptian Treasure Quest Z.Editor", "Egyptian Treasure Quest Z.Editor.csproj", "{4987F69B-7E9F-FF1B-92AB-5B97C2D1B1DA}"
EndProject
Global
	GlobalSection(SolutionConfigurationPlatforms) = preSolution
		Debug|Any CPU = Debug|Any CPU
		Release|Any CPU = Release|Any CPU
	EndGlobalSection
	GlobalSection(ProjectConfigurationPlatforms) = postSolution
		{8E9061FE-7FBE-0E02-FF75-47244F24C17E}.Debug|Any CPU.ActiveCfg = Debug|Any CPU
		{8E9061FE-7FBE-0E02-FF75-47244F24C17E}.Debug|Any CPU.Build.0 = Debug|Any CPU
		{8E9061FE-7FBE-0E02-FF75-47244F24C17E}.Release|Any CPU.ActiveCfg = Release|Any CPU
		{8E9061FE-7FBE-0E02-FF75-47244F24C17E}.Release|Any CPU.Build.0 = Release|Any CPU
		{498C2C50-129E-4D46-A157-FFD7811A91CE}.Debug|Any CPU.ActiveCfg = Debug|Any CPU
		{498C2C50-129E-4D46-A157-FFD7811A91CE}.Debug|Any CPU.Build.0 = Debug|Any CPU
		{498C2C50-129E-4D46-A157-FFD7811A91CE}.Release|Any CPU.ActiveCfg = Release|Any CPU
		{498C2C50-129E-4D46-A157-FFD7811A91CE}.Release|Any CPU.Build.0 = Release|Any CPU
		{4987F69B-7E9F-FF1B-92AB-5B97C2D1B1DA}.Debug|Any CPU.ActiveCfg = Debug|Any CPU
		{4987F69B-7E9F-FF1B-92AB-5B97C2D1B1DA}.Debug|Any CPU.Build.0 = Debug|Any CPU
		{4987F69B-7E9F-FF1B-92AB-5B97C2D1B1DA}.Release|Any CPU.ActiveCfg = Release|Any CPU
		{4987F69B-7E9F-FF1B-92AB-5B97C2D1B1DA}.Release|Any CPU.Build.0 = Release|Any CPU
	EndGlobalSection
	GlobalSection(SolutionProperties) = preSolution
		HideSolutionNode = FALSE
	EndGlobalSection
EndGlobal
